
Microsoft Visual Studio Solution File, Format Version 12.00
# Visual Studio Version 17
VisualStudioVersion = 17.0.31423.177
MinimumVisualStudioVersion = 10.0.40219.1
Project("{9A19103F-16F7-4668-BE54-9A1E7A4F7556}") = "Catalog.Api", "Catalog.Api.csproj", "{8F51AD33-1A12-4678-8C72-1F86F9C00D98}"
EndProject
Global
	GlobalSection(SolutionConfigurationPlatforms) = preSolution
		Debug|Any CPU = Debug|Any CPU
		Release|Any CPU = Release|Any CPU
	EndGlobalSection
	GlobalSection(ProjectConfigurationPlatforms) = postSolution
		{8F51AD33-1A12-4678-8C72-1F86F9C00D98}.Debug|Any CPU.ActiveCfg = Debug|Any CPU
		{8F51AD33-1A12-4678-8C72-1F86F9C00D98}.Debug|Any CPU.Build.0 = Debug|Any CPU
		{8F51AD33-1A12-4678-8C72-1F86F9C00D98}.Release|Any CPU.ActiveCfg = Release|Any CPU
		{8F51AD33-1A12-4678-8C72-1F86F9C00D98}.Release|Any CPU.Build.0 = Release|Any CPU
	EndGlobalSection
	GlobalSection(SolutionProperties) = preSolution
		HideSolutionNode = FALSE
	EndGlobalSection
	GlobalSection(ExtensibilityGlobals) = postSolution
		SolutionGuid = {B0E0B65A-3328-4438-B77E-2445E357A5B0}
	EndGlobalSection
EndGlobal
